// !$*UTF8*$!
{
	archiveVersion = 1;
	classes = {
	};
	objectVersion = 50;
	objects = {

/* Begin PBXBuildFile section */
		BC253B5023AE1D9D00721815 /* AppDelegate.swift in Sources */ = {isa = PBXBuildFile; fileRef = BC253B4F23AE1D9D00721815 /* AppDelegate.swift */; };
		BC253B5223AE1D9D00721815 /* SceneDelegate.swift in Sources */ = {isa = PBXBuildFile; fileRef = BC253B5123AE1D9D00721815 /* SceneDelegate.swift */; };
		BC253B5423AE1D9D00721815 /* ViewControllerOne.swift in Sources */ = {isa = PBXBuildFile; fileRef = BC253B5323AE1D9D00721815 /* ViewControllerOne.swift */; };
		BC253B5723AE1D9D00721815 /* Main.storyboard in Resources */ = {isa = PBXBuildFile; fileRef = BC253B5523AE1D9D00721815 /* Main.storyboard */; };
		BC253B5923AE1DA200721815 /* Assets.xcassets in Resources */ = {isa = PBXBuildFile; fileRef = BC253B5823AE1DA200721815 /* Assets.xcassets */; };
		BC253B5C23AE1DA200721815 /* LaunchScreen.storyboard in Resources */ = {isa = PBXBuildFile; fileRef = BC253B5A23AE1DA200721815 /* LaunchScreen.storyboard */; };
		BC253B6723AE1DA200721815 /* TestAppTests.swift in Sources */ = {isa = PBXBuildFile; fileRef = BC253B6623AE1DA200721815 /* TestAppTests.swift */; };
		BC253B7223AE1DA200721815 /* TestAppUITests.swift in Sources */ = {isa = PBXBuildFile; fileRef = BC253B7123AE1DA200721815 /* TestAppUITests.swift */; };
		BC253B8023AE1E2300721815 /* ViewControllerTwo.swift in Sources */ = {isa = PBXBuildFile; fileRef = BC253B7F23AE1E2300721815 /* ViewControllerTwo.swift */; };
/* End PBXBuildFile section */

/* Begin PBXContainerItemProxy section */
		BC253B6323AE1DA200721815 /* PBXContainerItemProxy */ = {
			isa = PBXContainerItemProxy;
			containerPortal = BC253B4423AE1D9D00721815 /* Project object */;
			proxyType = 1;
			remoteGlobalIDString = BC253B4B23AE1D9D00721815;
			remoteInfo = TestApp;
		};
		BC253B6E23AE1DA200721815 /* PBXContainerItemProxy */ = {
			isa = PBXContainerItemProxy;
			containerPortal = BC253B4423AE1D9D00721815 /* Project object */;
			proxyType = 1;
			remoteGlobalIDString = BC253B4B23AE1D9D00721815;
			remoteInfo = TestApp;
		};
/* End PBXContainerItemProxy section */

/* Begin PBXFileReference section */
		BC253B4C23AE1D9D00721815 /* TestApp.app */ = {isa = PBXFileReference; explicitFileType = wrapper.application; includeInIndex = 0; path = TestApp.app; sourceTree = BUILT_PRODUCTS_DIR; };
		BC253B4F23AE1D9D00721815 /* AppDelegate.swift */ = {isa = PBXFileReference; lastKnownFileType = sourcecode.swift; path = AppDelegate.swift; sourceTree = "<group>"; };
		BC253B5123AE1D9D00721815 /* SceneDelegate.swift */ = {isa = PBXFileReference; lastKnownFileType = sourcecode.swift; path = SceneDelegate.swift; sourceTree = "<group>"; };
		BC253B5323AE1D9D00721815 /* ViewControllerOne.swift */ = {isa = PBXFileReference; lastKnownFileType = sourcecode.swift; path = ViewControllerOne.swift; sourceTree = "<group>"; };
		BC253B5623AE1D9D00721815 /* Base */ = {isa = PBXFileReference; lastKnownFileType = file.storyboard; name = Base; path = Base.lproj/Main.storyboard; sourceTree = "<group>"; };
		BC253B5823AE1DA200721815 /* Assets.xcassets */ = {isa = PBXFileReference; lastKnownFileType = folder.assetcatalog; path = Assets.xcassets; sourceTree = "<group>"; };
		BC253B5B23AE1DA200721815 /* Base */ = {isa = PBXFileReference; lastKnownFileType = file.storyboard; name = Base; path = Base.lproj/LaunchScreen.storyboard; sourceTree = "<group>"; };
		BC253B5D23AE1DA200721815 /* Info.plist */ = {isa = PBXFileReference; lastKnownFileType = text.plist.xml; path = Info.plist; sourceTree = "<group>"; };
		BC253B6223AE1DA200721815 /* TestAppTests.xctest */ = {isa = PBXFileReference; explicitFileType = wrapper.cfbundle; includeInIndex = 0; path = TestAppTests.xctest; sourceTree = BUILT_PRODUCTS_DIR; };
		BC253B6623AE1DA200721815 /* TestAppTests.swift */ = {isa = PBXFileReference; lastKnownFileType = sourcecode.swift; path = TestAppTests.swift; sourceTree = "<group>"; };
		BC253B6823AE1DA200721815 /* Info.plist */ = {isa = PBXFileReference; lastKnownFileType = text.plist.xml; path = Info.plist; sourceTree = "<group>"; };
		BC253B6D23AE1DA200721815 /* TestAppUITests.xctest */ = {isa = PBXFileReference; explicitFileType = wrapper.cfbundle; includeInIndex = 0; path = TestAppUITests.xctest; sourceTree = BUILT_PRODUCTS_DIR; };
		BC253B7123AE1DA200721815 /* TestAppUITests.swift */ = {isa = PBXFileReference; lastKnownFileType = sourcecode.swift; path = TestAppUITests.swift; sourceTree = "<group>"; };
		BC253B7323AE1DA200721815 /* Info.plist */ = {isa = PBXFileReference; lastKnownFileType = text.plist.xml; path = Info.plist; sourceTree = "<group>"; };
		BC253B7F23AE1E2300721815 /* ViewControllerTwo.swift */ = {isa = PBXFileReference; lastKnownFileType = sourcecode.swift; path = ViewControllerTwo.swift; sourceTree = "<group>"; };
/* End PBXFileReference section */

/* Begin PBXFrameworksBuildPhase section */
		BC253B4923AE1D9D00721815 /* Frameworks */ = {
			isa = PBXFrameworksBuildPhase;
			buildActionMask = 2147483647;
			files = (
			);
			runOnlyForDeploymentPostprocessing = 0;
		};
		BC253B5F23AE1DA200721815 /* Frameworks */ = {
			isa = PBXFrameworksBuildPhase;
			buildActionMask = 2147483647;
			files = (
			);
			runOnlyForDeploymentPostprocessing = 0;
		};
		BC253B6A23AE1DA200721815 /* Frameworks */ = {
			isa = PBXFrameworksBuildPhase;
			buildActionMask = 2147483647;
			files = (
			);
			runOnlyForDeploymentPostprocessing = 0;
		};
/* End PBXFrameworksBuildPhase section */

/* Begin PBXGroup section */
		BC253B4323AE1D9D00721815 = {
			isa = PBXGroup;
			children = (
				BC253B4E23AE1D9D00721815 /* TestApp */,
				BC253B6523AE1DA200721815 /* TestAppTests */,
				BC253B7023AE1DA200721815 /* TestAppUITests */,
				BC253B4D23AE1D9D00721815 /* Products */,
			);
			sourceTree = "<group>";
		};
		BC253B4D23AE1D9D00721815 /* Products */ = {
			isa = PBXGroup;
			children = (
				BC253B4C23AE1D9D00721815 /* TestApp.app */,
				BC253B6223AE1DA200721815 /* TestAppTests.xctest */,
				BC253B6D23AE1DA200721815 /* TestAppUITests.xctest */,
			);
			name = Products;
			sourceTree = "<group>";
		};
		BC253B4E23AE1D9D00721815 /* TestApp */ = {
			isa = PBXGroup;
			children = (
				BC253B4F23AE1D9D00721815 /* AppDelegate.swift */,
				BC253B5123AE1D9D00721815 /* SceneDelegate.swift */,
				BC253B5323AE1D9D00721815 /* ViewControllerOne.swift */,
				BC253B7F23AE1E2300721815 /* ViewControllerTwo.swift */,
				BC253B5523AE1D9D00721815 /* Main.storyboard */,
				BC253B5823AE1DA200721815 /* Assets.xcassets */,
				BC253B5A23AE1DA200721815 /* LaunchScreen.storyboard */,
				BC253B5D23AE1DA200721815 /* Info.plist */,
			);
			path = TestApp;
			sourceTree = "<group>";
		};
		BC253B6523AE1DA200721815 /* TestAppTests */ = {
			isa = PBXGroup;
			children = (
				BC253B6623AE1DA200721815 /* TestAppTests.swift */,
				BC253B6823AE1DA200721815 /* Info.plist */,
			);
			path = TestAppTests;
			sourceTree = "<group>";
		};
		BC253B7023AE1DA200721815 /* TestAppUITests */ = {
			isa = PBXGroup;
			children = (
				BC253B7123AE1DA200721815 /* TestAppUITests.swift */,
				BC253B7323AE1DA200721815 /* Info.plist */,
			);
			path = TestAppUITests;
			sourceTree = "<group>";
		};
/* End PBXGroup section */

/* Begin PBXNativeTarget section */
		BC253B4B23AE1D9D00721815 /* TestApp */ = {
			isa = PBXNativeTarget;
			buildConfigurationList = BC253B7623AE1DA200721815 /* Build configuration list for PBXNativeTarget "TestApp" */;
			buildPhases = (
				BC253B4823AE1D9D00721815 /* Sources */,
				BC253B4923AE1D9D00721815 /* Frameworks */,
				BC253B4A23AE1D9D00721815 /* Resources */,
			);
			buildRules = (
			);
			dependencies = (
			);
			name = TestApp;
			productName = TestApp;
			productReference = BC253B4C23AE1D9D00721815 /* TestApp.app */;
			productType = "com.apple.product-type.application";
		};
		BC253B6123AE1DA200721815 /* TestAppTests */ = {
			isa = PBXNativeTarget;
			buildConfigurationList = BC253B7923AE1DA200721815 /* Build configuration list for PBXNativeTarget "TestAppTests" */;
			buildPhases = (
				BC253B5E23AE1DA200721815 /* Sources */,
				BC253B5F23AE1DA200721815 /* Frameworks */,
				BC253B6023AE1DA200721815 /* Resources */,
			);
			buildRules = (
			);
			dependencies = (
				BC253B6423AE1DA200721815 /* PBXTargetDependency */,
			);
			name = TestAppTests;
			productName = TestAppTests;
			productReference = BC253B6223AE1DA200721815 /* TestAppTests.xctest */;
			productType = "com.apple.product-type.bundle.unit-test";
		};
		BC253B6C23AE1DA200721815 /* TestAppUITests */ = {
			isa = PBXNativeTarget;
			buildConfigurationList = BC253B7C23AE1DA200721815 /* Build configuration list for PBXNativeTarget "TestAppUITests" */;
			buildPhases = (
				BC253B6923AE1DA200721815 /* Sources */,
				BC253B6A23AE1DA200721815 /* Frameworks */,
				BC253B6B23AE1DA200721815 /* Resources */,
			);
			buildRules = (
			);
			dependencies = (
				BC253B6F23AE1DA200721815 /* PBXTargetDependency */,
			);
			name = TestAppUITests;
			productName = TestAppUITests;
			productReference = BC253B6D23AE1DA200721815 /* TestAppUITests.xctest */;
			productType = "com.apple.product-type.bundle.ui-testing";
		};
/* End PBXNativeTarget section */

/* Begin PBXProject section */
		BC253B4423AE1D9D00721815 /* Project object */ = {
			isa = PBXProject;
			attributes = {
				LastSwiftUpdateCheck = 1120;
				LastUpgradeCheck = 1120;
				ORGANIZATIONNAME = isHidden;
				TargetAttributes = {
					BC253B4B23AE1D9D00721815 = {
						CreatedOnToolsVersion = 11.2.1;
					};
					BC253B6123AE1DA200721815 = {
						CreatedOnToolsVersion = 11.2.1;
						TestTargetID = BC253B4B23AE1D9D00721815;
					};
					BC253B6C23AE1DA200721815 = {
						CreatedOnToolsVersion = 11.2.1;
						TestTargetID = BC253B4B23AE1D9D00721815;
					};
				};
			};
			buildConfigurationList = BC253B4723AE1D9D00721815 /* Build configuration list for PBXProject "TestApp" */;
			compatibilityVersion = "Xcode 9.3";
			developmentRegion = en;
			hasScannedForEncodings = 0;
			knownRegions = (
				en,
				Base,
			);
			mainGroup = BC253B4323AE1D9D00721815;
			productRefGroup = BC253B4D23AE1D9D00721815 /* Products */;
			projectDirPath = "";
			projectRoot = "";
			targets = (
				BC253B4B23AE1D9D00721815 /* TestApp */,
				BC253B6123AE1DA200721815 /* TestAppTests */,
				BC253B6C23AE1DA200721815 /* TestAppUITests */,
			);
		};
/* End PBXProject section */

/* Begin PBXResourcesBuildPhase section */
		BC253B4A23AE1D9D00721815 /* Resources */ = {
			isa = PBXResourcesBuildPhase;
			buildActionMask = 2147483647;
			files = (
				BC253B5C23AE1DA200721815 /* LaunchScreen.storyboard in Resources */,
				BC253B5923AE1DA200721815 /* Assets.xcassets in Resources */,
				BC253B5723AE1D9D00721815 /* Main.storyboard in Resources */,
			);
			runOnlyForDeploymentPostprocessing = 0;
		};
		BC253B6023AE1DA200721815 /* Resources */ = {
			isa = PBXResourcesBuildPhase;
			buildActionMask = 2147483647;
			files = (
			);
			runOnlyForDeploymentPostprocessing = 0;
		};
		BC253B6B23AE1DA200721815 /* Resources */ = {
			isa = PBXResourcesBuildPhase;
			buildActionMask = 2147483647;
			files = (
			);
			runOnlyForDeploymentPostprocessing = 0;
		};
/* End PBXResourcesBuildPhase section */

/* Begin PBXSourcesBuildPhase section */
		BC253B4823AE1D9D00721815 /* Sources */ = {
			isa = PBXSourcesBuildPhase;
			buildActionMask = 2147483647;
			files = (
				BC253B5423AE1D9D00721815 /* ViewControllerOne.swift in Sources */,
				BC253B5023AE1D9D00721815 /* AppDelegate.swift in Sources */,
				BC253B5223AE1D9D00721815 /* SceneDelegate.swift in Sources */,
				BC253B8023AE1E2300721815 /* ViewControllerTwo.swift in Sources */,
			);
			runOnlyForDeploymentPostprocessing = 0;
		};
		BC253B5E23AE1DA200721815 /* Sources */ = {
			isa = PBXSourcesBuildPhase;
			buildActionMask = 2147483647;
			files = (
				BC253B6723AE1DA200721815 /* TestAppTests.swift in Sources */,
			);
			runOnlyForDeploymentPostprocessing = 0;
		};
		BC253B6923AE1DA200721815 /* Sources */ = {
			isa = PBXSourcesBuildPhase;
			buildActionMask = 2147483647;
			files = (
				BC253B7223AE1DA200721815 /* TestAppUITests.swift in Sources */,
			);
			runOnlyForDeploymentPostprocessing = 0;
		};
/* End PBXSourcesBuildPhase section */

/* Begin PBXTargetDependency section */
		BC253B6423AE1DA200721815 /* PBXTargetDependency */ = {
			isa = PBXTargetDependency;
			target = BC253B4B23AE1D9D00721815 /* TestApp */;
			targetProxy = BC253B6323AE1DA200721815 /* PBXContainerItemProxy */;
		};
		BC253B6F23AE1DA200721815 /* PBXTargetDependency */ = {
			isa = PBXTargetDependency;
			target = BC253B4B23AE1D9D00721815 /* TestApp */;
			targetProxy = BC253B6E23AE1DA200721815 /* PBXContainerItemProxy */;
		};
/* End PBXTargetDependency section */

/* Begin PBXVariantGroup section */
		BC253B5523AE1D9D00721815 /* Main.storyboard */ = {
			isa = PBXVariantGroup;
			children = (
				BC253B5623AE1D9D00721815 /* Base */,
			);
			name = Main.storyboard;
			sourceTree = "<group>";
		};
		BC253B5A23AE1DA200721815 /* LaunchScreen.storyboard */ = {
			isa = PBXVariantGroup;
			children = (
				BC253B5B23AE1DA200721815 /* Base */,
			);
			name = LaunchScreen.storyboard;
			sourceTree = "<group>";
		};
/* End PBXVariantGroup section */

/* Begin XCBuildConfiguration section */
		BC253B7423AE1DA200721815 /* Debug */ = {
			isa = XCBuildConfiguration;
			buildSettings = {
				ALWAYS_SEARCH_USER_PATHS = NO;
				CLANG_ANALYZER_NONNULL = YES;
				CLANG_ANALYZER_NUMBER_OBJECT_CONVERSION = YES_AGGRESSIVE;
				CLANG_CXX_LANGUAGE_STANDARD = "gnu++14";
				CLANG_CXX_LIBRARY = "libc++";
				CLANG_ENABLE_MODULES = YES;
				CLANG_ENABLE_OBJC_ARC = YES;
				CLANG_ENABLE_OBJC_WEAK = YES;
				CLANG_WARN_BLOCK_CAPTURE_AUTORELEASING = YES;
				CLANG_WARN_BOOL_CONVERSION = YES;
				CLANG_WARN_COMMA = YES;
				CLANG_WARN_CONSTANT_CONVERSION = YES;
				CLANG_WARN_DEPRECATED_OBJC_IMPLEMENTATIONS = YES;
				CLANG_WARN_DIRECT_OBJC_ISA_USAGE = YES_ERROR;
				CLANG_WARN_DOCUMENTATION_COMMENTS = YES;
				CLANG_WARN_EMPTY_BODY = YES;
				CLANG_WARN_ENUM_CONVERSION = YES;
				CLANG_WARN_INFINITE_RECURSION = YES;
				CLANG_WARN_INT_CONVERSION = YES;
				CLANG_WARN_NON_LITERAL_NULL_CONVERSION = YES;
				CLANG_WARN_OBJC_IMPLICIT_RETAIN_SELF = YES;
				CLANG_WARN_OBJC_LITERAL_CONVERSION = YES;
				CLANG_WARN_OBJC_ROOT_CLASS = YES_ERROR;
				CLANG_WARN_RANGE_LOOP_ANALYSIS = YES;
				CLANG_WARN_STRICT_PROTOTYPES = YES;
				CLANG_WARN_SUSPICIOUS_MOVE = YES;
				CLANG_WARN_UNGUARDED_AVAILABILITY = YES_AGGRESSIVE;
				CLANG_WARN_UNREACHABLE_CODE = YES;
				CLANG_WARN__DUPLICATE_METHOD_MATCH = YES;
				COPY_PHASE_STRIP = NO;
				DEBUG_INFORMATION_FORMAT = dwarf;
				ENABLE_STRICT_OBJC_MSGSEND = YES;
				ENABLE_TESTABILITY = YES;
				GCC_C_LANGUAGE_STANDARD = gnu11;
				GCC_DYNAMIC_NO_PIC = NO;
				GCC_NO_COMMON_BLOCKS = YES;
				GCC_OPTIMIZATION_LEVEL = 0;
				GCC_PREPROCESSOR_DEFINITIONS = (
					"DEBUG=1",
					"$(inherited)",
				);
				GCC_WARN_64_TO_32_BIT_CONVERSION = YES;
				GCC_WARN_ABOUT_RETURN_TYPE = YES_ERROR;
				GCC_WARN_UNDECLARED_SELECTOR = YES;
				GCC_WARN_UNINITIALIZED_AUTOS = YES_AGGRESSIVE;
				GCC_WARN_UNUSED_FUNCTION = YES;
				GCC_WARN_UNUSED_VARIABLE = YES;
				IPHONEOS_DEPLOYMENT_TARGET = 13.2;
				MTL_ENABLE_DEBUG_INFO = INCLUDE_SOURCE;
				MTL_FAST_MATH = YES;
				ONLY_ACTIVE_ARCH = YES;
				SDKROOT = iphoneos;
				SWIFT_ACTIVE_COMPILATION_CONDITIONS = DEBUG;
				SWIFT_OPTIMIZATION_LEVEL = "-Onone";
			};
			name = Debug;
		};
		BC253B7523AE1DA200721815 /* Release */ = {
			isa = XCBuildConfiguration;
			buildSettings = {
				ALWAYS_SEARCH_USER_PATHS = NO;
				CLANG_ANALYZER_NONNULL = YES;
				CLANG_ANALYZER_NUMBER_OBJECT_CONVERSION = YES_AGGRESSIVE;
				CLANG_CXX_LANGUAGE_STANDARD = "gnu++14";
				CLANG_CXX_LIBRARY = "libc++";
				CLANG_ENABLE_MODULES = YES;
				CLANG_ENABLE_OBJC_ARC = YES;
				CLANG_ENABLE_OBJC_WEAK = YES;
				CLANG_WARN_BLOCK_CAPTURE_AUTORELEASING = YES;
				CLANG_WARN_BOOL_CONVERSION = YES;
				CLANG_WARN_COMMA = YES;
				CLANG_WARN_CONSTANT_CONVERSION = YES;
				CLANG_WARN_DEPRECATED_OBJC_IMPLEMENTATIONS = YES;
				CLANG_WARN_DIRECT_OBJC_ISA_USAGE = YES_ERROR;
				CLANG_WARN_DOCUMENTATION_COMMENTS = YES;
				CLANG_WARN_EMPTY_BODY = YES;
				CLANG_WARN_ENUM_CONVERSION = YES;
				CLANG_WARN_INFINITE_RECURSION = YES;
				CLANG_WARN_INT_CONVERSION = YES;
				CLANG_WARN_NON_LITERAL_NULL_CONVERSION = YES;
				CLANG_WARN_OBJC_IMPLICIT_RETAIN_SELF = YES;
				CLANG_WARN_OBJC_LITERAL_CONVERSION = YES;
				CLANG_WARN_OBJC_ROOT_CLASS = YES_ERROR;
				CLANG_WARN_RANGE_LOOP_ANALYSIS = YES;
				CLANG_WARN_STRICT_PROTOTYPES = YES;
				CLANG_WARN_SUSPICIOUS_MOVE = YES;
				CLANG_WARN_UNGUARDED_AVAILABILITY = YES_AGGRESSIVE;
				CLANG_WARN_UNREACHABLE_CODE = YES;
				CLANG_WARN__DUPLICATE_METHOD_MATCH = YES;
				COPY_PHASE_STRIP = NO;
				DEBUG_INFORMATION_FORMAT = "dwarf-with-dsym";
				ENABLE_NS_ASSERTIONS = NO;
				ENABLE_STRICT_OBJC_MSGSEND = YES;
				GCC_C_LANGUAGE_STANDARD = gnu11;
				GCC_NO_COMMON_BLOCKS = YES;
				GCC_WARN_64_TO_32_BIT_CONVERSION = YES;
				GCC_WARN_ABOUT_RETURN_TYPE = YES_ERROR;
				GCC_WARN_UNDECLARED_SELECTOR = YES;
				GCC_WARN_UNINITIALIZED_AUTOS = YES_AGGRESSIVE;
				GCC_WARN_UNUSED_FUNCTION = YES;
				GCC_WARN_UNUSED_VARIABLE = YES;
				IPHONEOS_DEPLOYMENT_TARGET = 13.2;
				MTL_ENABLE_DEBUG_INFO = NO;
				MTL_FAST_MATH = YES;
				SDKROOT = iphoneos;
				SWIFT_COMPILATION_MODE = wholemodule;
				SWIFT_OPTIMIZATION_LEVEL = "-O";
				VALIDATE_PRODUCT = YES;
			};
			name = Release;
		};
		BC253B7723AE1DA200721815 /* Debug */ = {
			isa = XCBuildConfiguration;
			buildSettings = {
				ASSETCATALOG_COMPILER_APPICON_NAME = AppIcon;
				CODE_SIGN_STYLE = Automatic;
				DEVELOPMENT_TEAM = F6KFD8283R;
				INFOPLIST_FILE = TestApp/Info.plist;
				LD_RUNPATH_SEARCH_PATHS = (
					"$(inherited)",
					"@executable_path/Frameworks",
				);
				PRODUCT_BUNDLE_IDENTIFIER = isHidden.TestApp;
				PRODUCT_NAME = "$(TARGET_NAME)";
				SWIFT_VERSION = 5.0;
				TARGETED_DEVICE_FAMILY = 1;
			};
			name = Debug;
		};
		BC253B7823AE1DA200721815 /* Release */ = {
			isa = XCBuildConfiguration;
			buildSettings = {
				ASSETCATALOG_COMPILER_APPICON_NAME = AppIcon;
				CODE_SIGN_STYLE = Automatic;
				DEVELOPMENT_TEAM = F6KFD8283R;
				INFOPLIST_FILE = TestApp/Info.plist;
				LD_RUNPATH_SEARCH_PATHS = (
					"$(inherited)",
					"@executable_path/Frameworks",
				);
				PRODUCT_BUNDLE_IDENTIFIER = isHidden.TestApp;
				PRODUCT_NAME = "$(TARGET_NAME)";
				SWIFT_VERSION = 5.0;
				TARGETED_DEVICE_FAMILY = 1;
			};
			name = Release;
		};
		BC253B7A23AE1DA200721815 /* Debug */ = {
			isa = XCBuildConfiguration;
			buildSettings = {
				ALWAYS_EMBED_SWIFT_STANDARD_LIBRARIES = YES;
				BUNDLE_LOADER = "$(TEST_HOST)";
				CODE_SIGN_STYLE = Automatic;
				INFOPLIST_FILE = TestAppTests/Info.plist;
				IPHONEOS_DEPLOYMENT_TARGET = 13.2;
				LD_RUNPATH_SEARCH_PATHS = (
					"$(inherited)",
					"@executable_path/Frameworks",
					"@loader_path/Frameworks",
				);
				PRODUCT_BUNDLE_IDENTIFIER = isHidden.TestAppTests;
				PRODUCT_NAME = "$(TARGET_NAME)";
				SWIFT_VERSION = 5.0;
				TARGETED_DEVICE_FAMILY = "1,2";
				TEST_HOST = "$(BUILT_PRODUCTS_DIR)/TestApp.app/TestApp";
			};
			name = Debug;
		};
		BC253B7B23AE1DA200721815 /* Release */ = {
			isa = XCBuildConfiguration;
			buildSettings = {
				ALWAYS_EMBED_SWIFT_STANDARD_LIBRARIES = YES;
				BUNDLE_LOADER = "$(TEST_HOST)";
				CODE_SIGN_STYLE = Automatic;
				INFOPLIST_FILE = TestAppTests/Info.plist;
				IPHONEOS_DEPLOYMENT_TARGET = 13.2;
				LD_RUNPATH_SEARCH_PATHS = (
					"$(inherited)",
					"@executable_path/Frameworks",
					"@loader_path/Frameworks",
				);
				PRODUCT_BUNDLE_IDENTIFIER = isHidden.TestAppTests;
				PRODUCT_NAME = "$(TARGET_NAME)";
				SWIFT_VERSION = 5.0;
				TARGETED_DEVICE_FAMILY = "1,2";
				TEST_HOST = "$(BUILT_PRODUCTS_DIR)/TestApp.app/TestApp";
			};
			name = Release;
		};
		BC253B7D23AE1DA200721815 /* Debug */ = {
			isa = XCBuildConfiguration;
			buildSettings = {
				ALWAYS_EMBED_SWIFT_STANDARD_LIBRARIES = YES;
				CODE_SIGN_STYLE = Automatic;
				INFOPLIST_FILE = TestAppUITests/Info.plist;
				LD_RUNPATH_SEARCH_PATHS = (
					"$(inherited)",
					"@executable_path/Frameworks",
					"@loader_path/Frameworks",
				);
				PRODUCT_BUNDLE_IDENTIFIER = isHidden.TestAppUITests;
				PRODUCT_NAME = "$(TARGET_NAME)";
				SWIFT_VERSION = 5.0;
				TARGETED_DEVICE_FAMILY = "1,2";
				TEST_TARGET_NAME = TestApp;
			};
			name = Debug;
		};
		BC253B7E23AE1DA200721815 /* Release */ = {
			isa = XCBuildConfiguration;
			buildSettings = {
				ALWAYS_EMBED_SWIFT_STANDARD_LIBRARIES = YES;
				CODE_SIGN_STYLE = Automatic;
				INFOPLIST_FILE = TestAppUITests/Info.plist;
				LD_RUNPATH_SEARCH_PATHS = (
					"$(inherited)",
					"@executable_path/Frameworks",
					"@loader_path/Frameworks",
				);
				PRODUCT_BUNDLE_IDENTIFIER = isHidden.TestAppUITests;
				PRODUCT_NAME = "$(TARGET_NAME)";
				SWIFT_VERSION = 5.0;
				TARGETED_DEVICE_FAMILY = "1,2";
				TEST_TARGET_NAME = TestApp;
			};
			name = Release;
		};
/* End XCBuildConfiguration section */

/* Begin XCConfigurationList section */
		BC253B4723AE1D9D00721815 /* Build configuration list for PBXProject "TestApp" */ = {
			isa = XCConfigurationList;
			buildConfigurations = (
				BC253B7423AE1DA200721815 /* Debug */,
				BC253B7523AE1DA200721815 /* Release */,
			);
			defaultConfigurationIsVisible = 0;
			defaultConfigurationName = Release;
		};
		BC253B7623AE1DA200721815 /* Build configuration list for PBXNativeTarget "TestApp" */ = {
			isa = XCConfigurationList;
			buildConfigurations = (
				BC253B7723AE1DA200721815 /* Debug */,
				BC253B7823AE1DA200721815 /* Release */,
			);
			defaultConfigurationIsVisible = 0;
			defaultConfigurationName = Release;
		};
		BC253B7923AE1DA200721815 /* Build configuration list for PBXNativeTarget "TestAppTests" */ = {
			isa = XCConfigurationList;
			buildConfigurations = (
				BC253B7A23AE1DA200721815 /* Debug */,
				BC253B7B23AE1DA200721815 /* Release */,
			);
			defaultConfigurationIsVisible = 0;
			defaultConfigurationName = Release;
		};
		BC253B7C23AE1DA200721815 /* Build configuration list for PBXNativeTarget "TestAppUITests" */ = {
			isa = XCConfigurationList;
			buildConfigurations = (
				BC253B7D23AE1DA200721815 /* Debug */,
				BC253B7E23AE1DA200721815 /* Release */,
			);
			defaultConfigurationIsVisible = 0;
			defaultConfigurationName = Release;
		};
/* End XCConfigurationList section */
	};
	rootObject = BC253B4423AE1D9D00721815 /* Project object */;
}
